
Microsoft Visual Studio Solution File, Format Version 12.00
# Visual Studio Version 16
VisualStudioVersion = 16.0.30406.217
MinimumVisualStudioVersion = 10.0.40219.1
Project("{FAE04EC0-301F-11D3-BF4B-00C04F79EFBC}") = "Helper", "Helper\Helper.csproj", "{9E495026-D75F-41A3-A29A-4B1D1C5B8EA5}"
EndProject
Project("{FAE04EC0-301F-11D3-BF4B-00C04F79EFBC}") = "Helpers.Tests", "Helpers.Tests\Helpers.Tests.csproj", "{8DCB7018-4DA9-46E6-A1E5-6D0D921C1C57}"
EndProject
Global
	GlobalSection(SolutionConfigurationPlatforms) = preSolution
		Debug|Any CPU = Debug|Any CPU
		Release|Any CPU = Release|Any CPU
	EndGlobalSection
	GlobalSection(ProjectConfigurationPlatforms) = postSolution
		{9E495026-D75F-41A3-A29A-4B1D1C5B8EA5}.Debug|Any CPU.ActiveCfg = Debug|Any CPU
		{9E495026-D75F-41A3-A29A-4B1D1C5B8EA5}.Debug|Any CPU.Build.0 = Debug|Any CPU
		{9E495026-D75F-41A3-A29A-4B1D1C5B8EA5}.Release|Any CPU.ActiveCfg = Release|Any CPU
		{9E495026-D75F-41A3-A29A-4B1D1C5B8EA5}.Release|Any CPU.Build.0 = Release|Any CPU
		{8DCB7018-4DA9-46E6-A1E5-6D0D921C1C57}.Debug|Any CPU.ActiveCfg = Debug|Any CPU
		{8DCB7018-4DA9-46E6-A1E5-6D0D921C1C57}.Debug|Any CPU.Build.0 = Debug|Any CPU
		{8DCB7018-4DA9-46E6-A1E5-6D0D921C1C57}.Release|Any CPU.ActiveCfg = Release|Any CPU
		{8DCB7018-4DA9-46E6-A1E5-6D0D921C1C57}.Release|Any CPU.Build.0 = Release|Any CPU
	EndGlobalSection
	GlobalSection(SolutionProperties) = preSolution
		HideSolutionNode = FALSE
	EndGlobalSection
	GlobalSection(ExtensibilityGlobals) = postSolution
		SolutionGuid = {89F85F95-C5AF-45FB-A584-0176B758B081}
	EndGlobalSection
EndGlobal
