
Microsoft Visual Studio Solution File, Format Version 12.00
# Visual Studio Version 16
VisualStudioVersion = 16.0.30223.230
MinimumVisualStudioVersion = 10.0.40219.1
Project("{FAE04EC0-301F-11D3-BF4B-00C04F79EFBC}") = "WindowsFormsApp2", "WindowsFormsApp2\WindowsFormsApp2.csproj", "{5B082EAC-12EF-4897-850A-694915E456CF}"
EndProject
Project("{9A19103F-16F7-4668-BE54-9A1E7A4F7556}") = "ConsoleApp1", "ConsoleApp1\ConsoleApp1\ConsoleApp1.csproj", "{6EE224CB-77F0-46CA-BA58-B0C41B10AF7D}"
EndProject
Global
	GlobalSection(SolutionConfigurationPlatforms) = preSolution
		Debug|Any CPU = Debug|Any CPU
		Release|Any CPU = Release|Any CPU
	EndGlobalSection
	GlobalSection(ProjectConfigurationPlatforms) = postSolution
		{5B082EAC-12EF-4897-850A-694915E456CF}.Debug|Any CPU.ActiveCfg = Debug|Any CPU
		{5B082EAC-12EF-4897-850A-694915E456CF}.Debug|Any CPU.Build.0 = Debug|Any CPU
		{5B082EAC-12EF-4897-850A-694915E456CF}.Release|Any CPU.ActiveCfg = Release|Any CPU
		{5B082EAC-12EF-4897-850A-694915E456CF}.Release|Any CPU.Build.0 = Release|Any CPU
		{6EE224CB-77F0-46CA-BA58-B0C41B10AF7D}.Debug|Any CPU.ActiveCfg = Debug|Any CPU
		{6EE224CB-77F0-46CA-BA58-B0C41B10AF7D}.Debug|Any CPU.Build.0 = Debug|Any CPU
		{6EE224CB-77F0-46CA-BA58-B0C41B10AF7D}.Release|Any CPU.ActiveCfg = Release|Any CPU
		{6EE224CB-77F0-46CA-BA58-B0C41B10AF7D}.Release|Any CPU.Build.0 = Release|Any CPU
	EndGlobalSection
	GlobalSection(SolutionProperties) = preSolution
		HideSolutionNode = FALSE
	EndGlobalSection
	GlobalSection(ExtensibilityGlobals) = postSolution
		SolutionGuid = {DF11FC35-0F2D-456A-9D3E-F8C0E3FA4039}
	EndGlobalSection
EndGlobal
