
Microsoft Visual Studio Solution File, Format Version 12.00
# Visual Studio Version 16
VisualStudioVersion = 16.0.30223.230
MinimumVisualStudioVersion = 10.0.40219.1
Project("{FAE04EC0-301F-11D3-BF4B-00C04F79EFBC}") = "ConsoleApp2", "ConsoleApp2\ConsoleApp2.csproj", "{0585820E-1F47-423D-A0EB-7C33B88678B2}"
EndProject
Global
	GlobalSection(SolutionConfigurationPlatforms) = preSolution
		Debug|Any CPU = Debug|Any CPU
		Release|Any CPU = Release|Any CPU
	EndGlobalSection
	GlobalSection(ProjectConfigurationPlatforms) = postSolution
		{0585820E-1F47-423D-A0EB-7C33B88678B2}.Debug|Any CPU.ActiveCfg = Debug|Any CPU
		{0585820E-1F47-423D-A0EB-7C33B88678B2}.Debug|Any CPU.Build.0 = Debug|Any CPU
		{0585820E-1F47-423D-A0EB-7C33B88678B2}.Release|Any CPU.ActiveCfg = Release|Any CPU
		{0585820E-1F47-423D-A0EB-7C33B88678B2}.Release|Any CPU.Build.0 = Release|Any CPU
	EndGlobalSection
	GlobalSection(SolutionProperties) = preSolution
		HideSolutionNode = FALSE
	EndGlobalSection
	GlobalSection(ExtensibilityGlobals) = postSolution
		SolutionGuid = {FE6F01C8-D400-4D6E-9CBF-3FEE14A52C32}
	EndGlobalSection
EndGlobal
