
Microsoft Visual Studio Solution File, Format Version 12.00
# Visual Studio Version 16
VisualStudioVersion = 16.0.30503.244
MinimumVisualStudioVersion = 10.0.40219.1
Project("{FAE04EC0-301F-11D3-BF4B-00C04F79EFBC}") = "WebApplication1", "WebApplication1\WebApplication1.csproj", "{7D92D0A2-D257-40CF-9A17-5F519F0B658F}"
EndProject
Global
	GlobalSection(SolutionConfigurationPlatforms) = preSolution
		Debug|Any CPU = Debug|Any CPU
		Release|Any CPU = Release|Any CPU
	EndGlobalSection
	GlobalSection(ProjectConfigurationPlatforms) = postSolution
		{7D92D0A2-D257-40CF-9A17-5F519F0B658F}.Debug|Any CPU.ActiveCfg = Debug|Any CPU
		{7D92D0A2-D257-40CF-9A17-5F519F0B658F}.Debug|Any CPU.Build.0 = Debug|Any CPU
		{7D92D0A2-D257-40CF-9A17-5F519F0B658F}.Release|Any CPU.ActiveCfg = Release|Any CPU
		{7D92D0A2-D257-40CF-9A17-5F519F0B658F}.Release|Any CPU.Build.0 = Release|Any CPU
	EndGlobalSection
	GlobalSection(SolutionProperties) = preSolution
		HideSolutionNode = FALSE
	EndGlobalSection
	GlobalSection(ExtensibilityGlobals) = postSolution
		SolutionGuid = {FD2E667F-9577-4399-A51A-D17049595A33}
	EndGlobalSection
EndGlobal
