
Microsoft Visual Studio Solution File, Format Version 12.00
# Visual Studio Version 16
VisualStudioVersion = 16.0.30406.217
MinimumVisualStudioVersion = 10.0.40219.1
Project("{FAE04EC0-301F-11D3-BF4B-00C04F79EFBC}") = "BusinessLayer", "BusinessLayer\BusinessLayer.csproj", "{B3868281-0C7F-4DE4-9106-79000C1B9995}"
EndProject
Project("{FAE04EC0-301F-11D3-BF4B-00C04F79EFBC}") = "ConsoleApp123", "..\ConsoleApp123\ConsoleApp123.csproj", "{6D775AE0-F0C0-4FC7-9A33-48F1647FCD54}"
EndProject
Global
	GlobalSection(SolutionConfigurationPlatforms) = preSolution
		Debug|Any CPU = Debug|Any CPU
		Release|Any CPU = Release|Any CPU
	EndGlobalSection
	GlobalSection(ProjectConfigurationPlatforms) = postSolution
		{B3868281-0C7F-4DE4-9106-79000C1B9995}.Debug|Any CPU.ActiveCfg = Debug|Any CPU
		{B3868281-0C7F-4DE4-9106-79000C1B9995}.Debug|Any CPU.Build.0 = Debug|Any CPU
		{B3868281-0C7F-4DE4-9106-79000C1B9995}.Release|Any CPU.ActiveCfg = Release|Any CPU
		{B3868281-0C7F-4DE4-9106-79000C1B9995}.Release|Any CPU.Build.0 = Release|Any CPU
		{6D775AE0-F0C0-4FC7-9A33-48F1647FCD54}.Debug|Any CPU.ActiveCfg = Debug|Any CPU
		{6D775AE0-F0C0-4FC7-9A33-48F1647FCD54}.Debug|Any CPU.Build.0 = Debug|Any CPU
		{6D775AE0-F0C0-4FC7-9A33-48F1647FCD54}.Release|Any CPU.ActiveCfg = Release|Any CPU
		{6D775AE0-F0C0-4FC7-9A33-48F1647FCD54}.Release|Any CPU.Build.0 = Release|Any CPU
	EndGlobalSection
	GlobalSection(SolutionProperties) = preSolution
		HideSolutionNode = FALSE
	EndGlobalSection
	GlobalSection(ExtensibilityGlobals) = postSolution
		SolutionGuid = {E5D3786C-B96A-4657-BD88-31063CAC447B}
	EndGlobalSection
EndGlobal
