
Microsoft Visual Studio Solution File, Format Version 12.00
# Visual Studio Version 16
VisualStudioVersion = 16.0.30406.217
MinimumVisualStudioVersion = 10.0.40219.1
Project("{FAE04EC0-301F-11D3-BF4B-00C04F79EFBC}") = "Demo.Tests", "Demo.Tests\Demo.Tests.csproj", "{CA1C696B-CB86-4CBE-9209-4FB6065EE36A}"
EndProject
Project("{FAE04EC0-301F-11D3-BF4B-00C04F79EFBC}") = "Demo", "..\Demo\Demo.csproj", "{35111A32-EEE2-476B-AF66-547ADCBC407B}"
EndProject
Global
	GlobalSection(SolutionConfigurationPlatforms) = preSolution
		Debug|Any CPU = Debug|Any CPU
		Release|Any CPU = Release|Any CPU
	EndGlobalSection
	GlobalSection(ProjectConfigurationPlatforms) = postSolution
		{CA1C696B-CB86-4CBE-9209-4FB6065EE36A}.Debug|Any CPU.ActiveCfg = Debug|Any CPU
		{CA1C696B-CB86-4CBE-9209-4FB6065EE36A}.Debug|Any CPU.Build.0 = Debug|Any CPU
		{CA1C696B-CB86-4CBE-9209-4FB6065EE36A}.Release|Any CPU.ActiveCfg = Release|Any CPU
		{CA1C696B-CB86-4CBE-9209-4FB6065EE36A}.Release|Any CPU.Build.0 = Release|Any CPU
		{35111A32-EEE2-476B-AF66-547ADCBC407B}.Debug|Any CPU.ActiveCfg = Debug|Any CPU
		{35111A32-EEE2-476B-AF66-547ADCBC407B}.Debug|Any CPU.Build.0 = Debug|Any CPU
		{35111A32-EEE2-476B-AF66-547ADCBC407B}.Release|Any CPU.ActiveCfg = Release|Any CPU
		{35111A32-EEE2-476B-AF66-547ADCBC407B}.Release|Any CPU.Build.0 = Release|Any CPU
	EndGlobalSection
	GlobalSection(SolutionProperties) = preSolution
		HideSolutionNode = FALSE
	EndGlobalSection
	GlobalSection(ExtensibilityGlobals) = postSolution
		SolutionGuid = {45CBB65F-0E94-49C7-A5C8-CA2E8B709384}
	EndGlobalSection
EndGlobal
